
Microsoft Visual Studio Solution File, Format Version 12.00
# Visual Studio 2013
VisualStudioVersion = 12.0.31101.0
MinimumVisualStudioVersion = 10.0.40219.1
Project("{FAE04EC0-301F-11D3-BF4B-00C04F79EFBC}") = "SalesTaxCalc.Testing.UnitTests", "SalesTaxCalc.Testing.UnitTests\SalesTaxCalc.Testing.UnitTests.csproj", "{84CC6487-A8BD-428B-966E-7907FB3FF664}"
	GlobalSection(PlasticSccProperties) = preSolution
		ControlledByPlastic = True
		SccProvider = Plastic SCM
	EndGlobalSection
EndProject
Global
	GlobalSection(PlasticSccProperties) = preSolution
		ControlledByPlastic = True
		SccProvider = Plastic SCM
	EndGlobalSection
	GlobalSection(SolutionConfigurationPlatforms) = preSolution
		Debug|Any CPU = Debug|Any CPU
		Release|Any CPU = Release|Any CPU
	EndGlobalSection
	GlobalSection(ProjectConfigurationPlatforms) = postSolution
		{84CC6487-A8BD-428B-966E-7907FB3FF664}.Debug|Any CPU.ActiveCfg = Debug|Any CPU
		{84CC6487-A8BD-428B-966E-7907FB3FF664}.Debug|Any CPU.Build.0 = Debug|Any CPU
		{84CC6487-A8BD-428B-966E-7907FB3FF664}.Release|Any CPU.ActiveCfg = Release|Any CPU
		{84CC6487-A8BD-428B-966E-7907FB3FF664}.Release|Any CPU.Build.0 = Release|Any CPU
	EndGlobalSection
	GlobalSection(SolutionProperties) = preSolution
		HideSolutionNode = FALSE
	EndGlobalSection
	GlobalSection(CodealikeProperties) = postSolution
		SolutionGuid = b83a83fc-0aad-47c6-a33e-9194ad7d5f16
	EndGlobalSection
EndGlobal
